
Microsoft Visual Studio Solution File, Format Version 12.00
# Visual Studio Version 16
VisualStudioVersion = 16.0.31911.196
MinimumVisualStudioVersion = 10.0.40219.1
Project("{FAE04EC0-301F-11D3-BF4B-00C04F79EFBC}") = "ProjectAkhir_MiniMarket_C4", "ProjectAkhir_MiniMarket_C4.csproj", "{A749FCA1-66C2-44B8-BE44-899A15BCCF74}"
EndProject
Global
	GlobalSection(SolutionConfigurationPlatforms) = preSolution
		Debug|Any CPU = Debug|Any CPU
		Release|Any CPU = Release|Any CPU
	EndGlobalSection
	GlobalSection(ProjectConfigurationPlatforms) = postSolution
		{A749FCA1-66C2-44B8-BE44-899A15BCCF74}.Debug|Any CPU.ActiveCfg = Debug|Any CPU
		{A749FCA1-66C2-44B8-BE44-899A15BCCF74}.Debug|Any CPU.Build.0 = Debug|Any CPU
		{A749FCA1-66C2-44B8-BE44-899A15BCCF74}.Release|Any CPU.ActiveCfg = Release|Any CPU
		{A749FCA1-66C2-44B8-BE44-899A15BCCF74}.Release|Any CPU.Build.0 = Release|Any CPU
	EndGlobalSection
	GlobalSection(SolutionProperties) = preSolution
		HideSolutionNode = FALSE
	EndGlobalSection
	GlobalSection(ExtensibilityGlobals) = postSolution
		SolutionGuid = {547C517C-17F9-45CD-B023-41A446D01DEA}
	EndGlobalSection
EndGlobal
